{
  "projects": [
    {
      "projectId": "pGUwLaFPdGtokmdZ3W7Ccj",
      "version": "latest",
      "dependencies": {},
      "lang": "ts",
      "fileLocks": [
        {
          "assetId": "pGUwLaFPdGtokmdZ3W7Ccj",
          "type": "projectCss",
          "checksum": "f17743f319f02e02256267ddc4dd966d"
        },
        {
          "type": "renderModule",
          "assetId": "7sARU3bTtw",
          "checksum": "c631b581030e6ba2ba12d2b383d27c97"
        },
        {
          "type": "cssRules",
          "assetId": "7sARU3bTtw",
          "checksum": "c631b581030e6ba2ba12d2b383d27c97"
        },
        {
          "type": "renderModule",
          "assetId": "Qlzg8LOrY1",
          "checksum": "d9b8ed22fc46ac591f7104e4b3d24ac4"
        },
        {
          "type": "cssRules",
          "assetId": "Qlzg8LOrY1",
          "checksum": "d9b8ed22fc46ac591f7104e4b3d24ac4"
        },
        {
          "type": "renderModule",
          "assetId": "xREbm6WKb9",
          "checksum": "ad9653aaff323e0b6cd26ac7df3995de"
        },
        {
          "type": "cssRules",
          "assetId": "xREbm6WKb9",
          "checksum": "ad9653aaff323e0b6cd26ac7df3995de"
        },
        {
          "type": "renderModule",
          "assetId": "3dru1W4ZMH",
          "checksum": "9ef567cfc2a9f35634b468ffcb2a270f"
        },
        {
          "type": "cssRules",
          "assetId": "3dru1W4ZMH",
          "checksum": "9ef567cfc2a9f35634b468ffcb2a270f"
        },
        {
          "type": "renderModule",
          "assetId": "F-aAxuh8k_",
          "checksum": "ea9e528372518562b97001865492bd78"
        },
        {
          "type": "cssRules",
          "assetId": "F-aAxuh8k_",
          "checksum": "ea9e528372518562b97001865492bd78"
        },
        {
          "type": "renderModule",
          "assetId": "1kr4Mpr3_m",
          "checksum": "3b2bc96a8bb017fde129a7863a331d07"
        },
        {
          "type": "cssRules",
          "assetId": "1kr4Mpr3_m",
          "checksum": "3b2bc96a8bb017fde129a7863a331d07"
        },
        {
          "type": "renderModule",
          "assetId": "NjDvTSK-pU",
          "checksum": "4c07e10d8f82d350ebbfe7833f1220f4"
        },
        {
          "type": "cssRules",
          "assetId": "NjDvTSK-pU",
          "checksum": "4c07e10d8f82d350ebbfe7833f1220f4"
        },
        {
          "type": "renderModule",
          "assetId": "Gdk8pygQbL",
          "checksum": "43d82760fcdd6049e55479e89351d191"
        },
        {
          "type": "cssRules",
          "assetId": "Gdk8pygQbL",
          "checksum": "43d82760fcdd6049e55479e89351d191"
        },
        {
          "type": "renderModule",
          "assetId": "L0yOn91KBg",
          "checksum": "88ae1823463dffda170ce1ca43174d9a"
        },
        {
          "type": "cssRules",
          "assetId": "L0yOn91KBg",
          "checksum": "88ae1823463dffda170ce1ca43174d9a"
        },
        {
          "type": "renderModule",
          "assetId": "8KkSE_wLj8",
          "checksum": "6e8fd3c5765bc4e8a21ec79b662812e8"
        },
        {
          "type": "cssRules",
          "assetId": "8KkSE_wLj8",
          "checksum": "6e8fd3c5765bc4e8a21ec79b662812e8"
        },
        {
          "type": "renderModule",
          "assetId": "L0OHvr7KIJ",
          "checksum": "32edfe3d38ea383e277c13cfbda80960"
        },
        {
          "type": "cssRules",
          "assetId": "L0OHvr7KIJ",
          "checksum": "32edfe3d38ea383e277c13cfbda80960"
        },
        {
          "type": "renderModule",
          "assetId": "lyiMbiA3gN",
          "checksum": "631c9485f5e46dff4a3ac8140b5fafa1"
        },
        {
          "type": "cssRules",
          "assetId": "lyiMbiA3gN",
          "checksum": "631c9485f5e46dff4a3ac8140b5fafa1"
        },
        {
          "type": "image",
          "assetId": "Sxg3dBy4O",
          "checksum": "787804784cace2ff47d5a3c2bf3f140c"
        },
        {
          "type": "image",
          "assetId": "EDcoZKwfi",
          "checksum": "e2220db30c3e813e0cd1526c41f7adb2"
        },
        {
          "type": "image",
          "assetId": "bX4MreM5j",
          "checksum": "846261a9e7d57d802ad0487975b489e4"
        },
        {
          "type": "image",
          "assetId": "m20Tmid82",
          "checksum": "c00eb2300f8e3c9188addc0db0329168"
        },
        {
          "type": "image",
          "assetId": "WE-_0I56n",
          "checksum": "42de6a2376569be7485a99c82cd648c9"
        },
        {
          "type": "image",
          "assetId": "zVR6dmKMq",
          "checksum": "39fb04f430da9b28f30aa88354ee7628"
        },
        {
          "type": "image",
          "assetId": "elkrhnN5r",
          "checksum": "1440a4cd76322c518a9d0078b68e927a"
        },
        {
          "type": "image",
          "assetId": "r-Qkq0NwV",
          "checksum": "71560a1334906ad504b4e2540354bad4"
        },
        {
          "type": "image",
          "assetId": "YDONyeiQ1",
          "checksum": "955e83735f1d6042cfb72364d54c376e"
        },
        {
          "type": "image",
          "assetId": "efQGs8zu9",
          "checksum": "26c86de043bb4dbcf64cd09ed8096609"
        },
        {
          "type": "image",
          "assetId": "gHfclbQuX",
          "checksum": "9388d28ef50b9477833aff7be22deef4"
        },
        {
          "type": "image",
          "assetId": "JZJQIg46B",
          "checksum": "a0d3dc1b812217ac44905694d9ec24e4"
        },
        {
          "type": "image",
          "assetId": "EWpStHaJj",
          "checksum": "e4aba19a4e7dc6e135a81ab9aadcb21e"
        },
        {
          "type": "image",
          "assetId": "SzpnVfEhw",
          "checksum": "9b5b4c7ec42554def49ca52aaf0072ba"
        },
        {
          "type": "image",
          "assetId": "wmCPb3hO3",
          "checksum": "758ab3ad5f012ced94029fd6b7e1d4af"
        },
        {
          "type": "image",
          "assetId": "AFk7mjDdS",
          "checksum": "e2dc5dfae5866ba2ec6069c3c186d2c5"
        },
        {
          "type": "image",
          "assetId": "u6012dxhb",
          "checksum": "4b3deb1f7cff4b6f3fb569ba34ee1527"
        },
        {
          "type": "image",
          "assetId": "Pc0rw0k--",
          "checksum": "469f116548e76dfb333b7c546ad11c4f"
        },
        {
          "type": "image",
          "assetId": "qt0i3rAZ7",
          "checksum": "792c7bd708bbf41badaa46f7cc310710"
        },
        {
          "type": "image",
          "assetId": "BNPS8-HTm",
          "checksum": "178d71a7da8381b97fe8a5793059725a"
        },
        {
          "type": "image",
          "assetId": "IGWn1D0RP",
          "checksum": "fa56c2f8499a4e8ee3ff2207b667b50f"
        },
        {
          "type": "image",
          "assetId": "e99EQX4TW",
          "checksum": "5c48b820c5c2187f771a92c6170c0178"
        },
        {
          "type": "image",
          "assetId": "yNJ9CquZ0",
          "checksum": "453a792372fc44f54421d4d2f23d823e"
        },
        {
          "type": "image",
          "assetId": "w_ZNWBCtv",
          "checksum": "36f43d5fe381315016f416d9932b5b19"
        },
        {
          "type": "image",
          "assetId": "7U3NI_9-Q",
          "checksum": "fed4f35412335967235d7af472dd07fe"
        },
        {
          "type": "image",
          "assetId": "ypiUBi2Pf",
          "checksum": "9965411e3543fc5b54dd7322b71422c0"
        },
        {
          "type": "image",
          "assetId": "q_ksqbUlG",
          "checksum": "62acb733afc1b8259a519316238754d6"
        },
        {
          "type": "image",
          "assetId": "wnK_O0Lan",
          "checksum": "93352b193bff1f5956d69dac9ab2e8db"
        },
        {
          "type": "image",
          "assetId": "1iunSKZhl",
          "checksum": "d3863a6774a17d7e2e97b3d651ffca24"
        },
        {
          "type": "image",
          "assetId": "QxWwV4keQ",
          "checksum": "47e44fe8c46dbd1f6edde3be14c1d3f6"
        },
        {
          "type": "image",
          "assetId": "_gLXhNeIn",
          "checksum": "870ae3d484b8a4f374f2ce33c09e93cf"
        },
        {
          "type": "image",
          "assetId": "nIEyDSJ1Z",
          "checksum": "80b8cd38e16e719b6bf487de54b84959"
        },
        {
          "type": "image",
          "assetId": "sxFmwvSkF",
          "checksum": "b7f0e746f2e7974c645b990ac7b2d42b"
        },
        {
          "type": "image",
          "assetId": "Vr-lQSxA8",
          "checksum": "f8dc86269e19a2b84c8c5deec7a19783"
        },
        {
          "type": "image",
          "assetId": "bhxB7r4dB",
          "checksum": "1a20af9f2d0ed5c98b93cbff1c4db9bf"
        },
        {
          "type": "image",
          "assetId": "yTDx7cRXW",
          "checksum": "427568ae0b116df5dcf625d322d0eac9"
        },
        {
          "type": "image",
          "assetId": "h1r5klbFc",
          "checksum": "9db0b2825669e18eacc8e800cec9c085"
        },
        {
          "type": "image",
          "assetId": "lsJX-wVJt",
          "checksum": "f86e345dc9992eff4f71478ce31aaf82"
        },
        {
          "type": "image",
          "assetId": "0eY5offgE",
          "checksum": "8b8f091f607f29ee6b28b3c1251e612e"
        },
        {
          "type": "image",
          "assetId": "TwRNyjwf_",
          "checksum": "c0551d3d173dfc1bdc12a8c170d1203c"
        },
        {
          "type": "image",
          "assetId": "GqlvJVlSQ",
          "checksum": "6028186af2df3777bc201adb1f1fec6c"
        },
        {
          "type": "image",
          "assetId": "PKj8J568w",
          "checksum": "724c0433617960c46ef714357b5fbf9a"
        },
        {
          "type": "image",
          "assetId": "eK3e16gge",
          "checksum": "7659090d561cef54183fed1b7882a779"
        },
        {
          "type": "image",
          "assetId": "9052NOOy5",
          "checksum": "cb5c4d263aef27a4ceb54559993953cb"
        },
        {
          "type": "image",
          "assetId": "7Msn0KOBJ",
          "checksum": "47081bc889f1eedb0428d22a0344d4d4"
        },
        {
          "type": "image",
          "assetId": "SZEX3f39I",
          "checksum": "fda780efa7ed5db49f5b8dfaedba70d0"
        },
        {
          "type": "image",
          "assetId": "YLcH6Jz49",
          "checksum": "93aef8eff91add9d63e75cde8e37a92e"
        },
        {
          "type": "image",
          "assetId": "91kGzu1r9",
          "checksum": "3d96b7b41d87945238e7c22918488761"
        },
        {
          "type": "image",
          "assetId": "wBs0o3vr-",
          "checksum": "8cbc7ac6967d992e8a8680ed310d631c"
        },
        {
          "type": "image",
          "assetId": "fbTewOcXP",
          "checksum": "4fa72123dd2144ac5d503195a6c80be6"
        },
        {
          "type": "image",
          "assetId": "7F27FV2Z2",
          "checksum": "d0439f97a046edd045e1fcdecce66c50"
        },
        {
          "type": "image",
          "assetId": "0AqW17lBm",
          "checksum": "38007b37fdfe1e089aa68c1150001d36"
        },
        {
          "type": "image",
          "assetId": "mgZTA-LDw",
          "checksum": "e209b04583b9c0cc45a62051713d8449"
        },
        {
          "type": "image",
          "assetId": "ePJyos1fl",
          "checksum": "e236421c26915cfe8ee22c4094910b9c"
        },
        {
          "type": "image",
          "assetId": "kplysJ6Hk",
          "checksum": "57c1614a8ab8c83063903ddd2732c64d"
        },
        {
          "type": "image",
          "assetId": "LrO_ejcR3",
          "checksum": "77be40262ea0513a7cedbebc0bb6d834"
        },
        {
          "type": "image",
          "assetId": "suo96Xg27",
          "checksum": "cd9e4f84acf81369a7448c0804e5ec65"
        },
        {
          "type": "image",
          "assetId": "p1InSJvOD",
          "checksum": "90b904574ced3f423cf15e2d46fd7e64"
        },
        {
          "type": "image",
          "assetId": "JhBWIHUxK",
          "checksum": "6c146254d23109546f0361422c59f933"
        },
        {
          "type": "image",
          "assetId": "rkhhRDXPc",
          "checksum": "f56602d79c8a3591dd26e2ce57df51fd"
        },
        {
          "type": "image",
          "assetId": "NVmS78ffi",
          "checksum": "32c79f9fdf6a196e99cf46c4a0850610"
        },
        {
          "type": "image",
          "assetId": "KXtXzYD9W",
          "checksum": "a47c6524b09fcaf133ff623f7268f84a"
        },
        {
          "type": "image",
          "assetId": "xbXd4S1mZ",
          "checksum": "5f008019b18d3878bf69ca4c6973ad0e"
        },
        {
          "type": "image",
          "assetId": "2sQXjPIjV",
          "checksum": "e41c4eed7869938d6e709f8d42c30779"
        },
        {
          "type": "image",
          "assetId": "jbFKvJhwI",
          "checksum": "cec951fe463170ed8e4d5216c96f8970"
        },
        {
          "type": "image",
          "assetId": "SzfOIke9W",
          "checksum": "140540361a93009098e21219b361f6b3"
        },
        {
          "type": "image",
          "assetId": "ZjNxw5Wz1",
          "checksum": "8d86345b472711dcd6d9b7c92164c2c8"
        },
        {
          "type": "image",
          "assetId": "e3biW-6Kk",
          "checksum": "ff39bc60b83887fd5033a81d8ab2ae8f"
        },
        {
          "type": "image",
          "assetId": "qWgJqD-Pg",
          "checksum": "df3149f027d2719e0ee9ce281aab8598"
        },
        {
          "type": "image",
          "assetId": "KR4keyK4O",
          "checksum": "562655802e637e235189ac5a166ec7c8"
        },
        {
          "type": "image",
          "assetId": "1KuTbe5R5",
          "checksum": "300efa86366fd343130bd5bc80c114d3"
        },
        {
          "type": "image",
          "assetId": "IbToc9TY2",
          "checksum": "f43c81fc4d6590384e9340f211260313"
        },
        {
          "type": "image",
          "assetId": "5PY5cYOg7",
          "checksum": "c10217c1673887f1d7674045055b96aa"
        },
        {
          "type": "image",
          "assetId": "mWv-YoZUs",
          "checksum": "b11748f15459d94340bb8ea245447dfd"
        },
        {
          "type": "image",
          "assetId": "GyjTyNgzp",
          "checksum": "6d73dba24d13e1c17ce1c255f4ca51cf"
        },
        {
          "type": "image",
          "assetId": "Wzv0-dEpb",
          "checksum": "d194447ae5b367c71f9182687e0997b8"
        },
        {
          "type": "image",
          "assetId": "V7oGQT9Ef",
          "checksum": "3ee81b6ebe6cdfc1e6b549d3221fd51e"
        },
        {
          "type": "image",
          "assetId": "uWjev0_Nj",
          "checksum": "7a221a02a7eb532adc18a64b3b269c55"
        },
        {
          "type": "image",
          "assetId": "h4SGtHfhc",
          "checksum": "4538541efe6b221d0f4368f58b232358"
        },
        {
          "type": "image",
          "assetId": "uFoVTkthE",
          "checksum": "f49764691e0d04ebf7442680aeb66c62"
        },
        {
          "type": "image",
          "assetId": "qd6bJffM2",
          "checksum": "6f053a94d468b0004b9e3fc165d0981e"
        },
        {
          "type": "image",
          "assetId": "c4Xm4xqQH",
          "checksum": "79fe61222f12056dc117552c09e22309"
        },
        {
          "type": "image",
          "assetId": "Oax5rAYHK",
          "checksum": "6d086951480aa12da10cdc5256d55626"
        },
        {
          "type": "image",
          "assetId": "QT9eamqdV",
          "checksum": "c4f041bc896d1c580e17b3bd99c3c275"
        },
        {
          "type": "image",
          "assetId": "slDTy_2aX",
          "checksum": "9273ce0ab574db5eb1b58ead47242a5c"
        },
        {
          "type": "image",
          "assetId": "3G5qA20DX",
          "checksum": "ee752db194ade98a0e5d05cfd43ae6a0"
        },
        {
          "type": "image",
          "assetId": "ciKoZDie0",
          "checksum": "cd33c46ba7e7637e67874125f2a4a44c"
        },
        {
          "type": "image",
          "assetId": "YAYGq1iGU",
          "checksum": "b6f353090683cdc914686936581b4e8b"
        },
        {
          "type": "image",
          "assetId": "bBq2l4VI2",
          "checksum": "262d649e8d2b5929362776a1bd737fc6"
        },
        {
          "type": "image",
          "assetId": "bfAWmTDcE",
          "checksum": "e8bf7c6102f6493948254261862b3b99"
        },
        {
          "type": "image",
          "assetId": "ktZCJ4--t",
          "checksum": "636bb136edb3581e37398dd5f07250b0"
        },
        {
          "type": "image",
          "assetId": "_ycfXVwLY",
          "checksum": "63417dba28449ed86f4bf49fbe512e12"
        },
        {
          "type": "image",
          "assetId": "h-958kQau",
          "checksum": "105459e1df5c5a12e016af83bd83d51e"
        },
        {
          "type": "image",
          "assetId": "i744M93Vy",
          "checksum": "538f1fcc7f473247cd97f706f536d201"
        },
        {
          "type": "image",
          "assetId": "AKKg5-Dbl",
          "checksum": "1209218a77b2992028e3b3430ffcb856"
        },
        {
          "type": "image",
          "assetId": "AdJUcZHPy",
          "checksum": "b059afad62fc28bce71321a9df11ecfa"
        },
        {
          "type": "image",
          "assetId": "fXYUqj9rQ",
          "checksum": "ba7af82ba2331fd9ba95ec2715d28976"
        },
        {
          "type": "image",
          "assetId": "CvqhUOvq7",
          "checksum": "ddcc987a00cc25dc832a83c53fe564e7"
        },
        {
          "type": "image",
          "assetId": "0T5cZ6ujO",
          "checksum": "32ac3b5ddc442e8a497653b08faa7668"
        },
        {
          "type": "image",
          "assetId": "zV24aNHyE",
          "checksum": "6197ec3da38c9b5df9b87a0e9a7a8dae"
        },
        {
          "type": "image",
          "assetId": "O7T4mX5ND",
          "checksum": "db78bb3a79302e3525c6f46fc9f47017"
        },
        {
          "type": "image",
          "assetId": "pljbz3YYK",
          "checksum": "fbc793ffed35cc49fd0e2c5a07465426"
        },
        {
          "type": "image",
          "assetId": "Nx_UkZCSQ",
          "checksum": "518b44d9e17367950ab2522bfecc3dce"
        },
        {
          "type": "image",
          "assetId": "b2FMjCAZ3",
          "checksum": "939a91edbe9f6a4f4656ee582d91402a"
        },
        {
          "type": "image",
          "assetId": "r8N97X_KW",
          "checksum": "02ba479ac5fd50cd2a5788612eba5392"
        },
        {
          "type": "image",
          "assetId": "i2XzNhMks",
          "checksum": "8e2cd4206553ba0922296810651c8e72"
        },
        {
          "type": "image",
          "assetId": "oMwY0_c-W",
          "checksum": "faea458dd17c840d05de899d258f5db6"
        },
        {
          "type": "image",
          "assetId": "PT2Q0utwN",
          "checksum": "bd1b12600f1a783f87790d349af42225"
        },
        {
          "type": "image",
          "assetId": "RCNRwDeUo",
          "checksum": "1aac6ec927f9cfeb9bb91acbfaa0a1e5"
        },
        {
          "type": "image",
          "assetId": "siPI5bGsE",
          "checksum": "98153c1f8d220343ed6efc873e9e28de"
        },
        {
          "type": "image",
          "assetId": "Muzs2cvw5",
          "checksum": "3b6f425fa7f1025094a2dc7ba11d4b30"
        },
        {
          "type": "image",
          "assetId": "4R6sFlIzB",
          "checksum": "bf1067e40d4274722119a6257e59d692"
        },
        {
          "type": "image",
          "assetId": "uWWqbn3j_",
          "checksum": "ccd723c4f85050f158506447b31d57ee"
        },
        {
          "type": "image",
          "assetId": "faoQIWryF",
          "checksum": "90229668615bb10fdeb42d473441e6e2"
        },
        {
          "type": "image",
          "assetId": "AOcmlcxsr",
          "checksum": "ed63be71f76933664c6d2028f43947c6"
        },
        {
          "type": "image",
          "assetId": "A7_3dY6zb",
          "checksum": "1b4cab0f7517ac0dc5a7f2d5a8adedb7"
        },
        {
          "type": "image",
          "assetId": "aL5m8IC_k",
          "checksum": "2780bdcfff03ad8aac3ea9a9a75017b7"
        },
        {
          "type": "image",
          "assetId": "cjy5HxxCd",
          "checksum": "16f4dfff289774e5d290bd54bef47c41"
        },
        {
          "type": "image",
          "assetId": "bWXfVVkEg",
          "checksum": "fe56016d84654643267bd03ae32f74cc"
        },
        {
          "type": "image",
          "assetId": "clX8kFUfW",
          "checksum": "e886d9e12bc5e3ce089a7159030a35c8"
        },
        {
          "type": "image",
          "assetId": "S1YkdhU82",
          "checksum": "8404505e722f06b19c673052ea8e2841"
        },
        {
          "type": "image",
          "assetId": "r6bszvqCK",
          "checksum": "33a5bd4c2805fb02d99c1f7a750cbba8"
        },
        {
          "type": "image",
          "assetId": "hpb2UCGgw",
          "checksum": "848d5ad7872cee2d21cb35115a919b16"
        }
      ]
    }
  ],
  "cliVersion": "0.1.166"
}
